<Solution>
  <Folder Name="/Solution Items/" />
  <Project Path="Contrib.Outbox.Core.Tests/Contrib.Outbox.Core.Tests.csproj" />
  <Project Path="Contrib.Outbox.Core/Contrib.Outbox.Core.csproj" />
  <Project Path="Contrib.Outbox.Mongo.Tests/Contrib.Outbox.Mongo.Tests.csproj" />
  <Project Path="Contrib.Outbox.Mongo/Contrib.Outbox.Mongo.csproj" />
</Solution>
